
Microsoft Visual Studio Solution File, Format Version 12.00
# Visual Studio 15
VisualStudioVersion = 15.0.26228.9
MinimumVisualStudioVersion = 10.0.40219.1
Project("{FAE04EC0-301F-11D3-BF4B-00C04F79EFBC}") = "FaceIdentify", "FaceIdentify\FaceIdentify.csproj", "{C061FF3D-1BC7-45EE-A7FB-D1D8359B785C}"
EndProject
Project("{FAE04EC0-301F-11D3-BF4B-00C04F79EFBC}") = "MlgFaceAPI", "MlgFaceAPI\MlgFaceAPI.csproj", "{60E1D10C-5D1E-4B8A-84A5-33FB086E2E37}"
EndProject
Global
	GlobalSection(SolutionConfigurationPlatforms) = preSolution
		Debug|Any CPU = Debug|Any CPU
		Release|Any CPU = Release|Any CPU
	EndGlobalSection
	GlobalSection(ProjectConfigurationPlatforms) = postSolution
		{C061FF3D-1BC7-45EE-A7FB-D1D8359B785C}.Debug|Any CPU.ActiveCfg = Debug|Any CPU
		{C061FF3D-1BC7-45EE-A7FB-D1D8359B785C}.Debug|Any CPU.Build.0 = Debug|Any CPU
		{C061FF3D-1BC7-45EE-A7FB-D1D8359B785C}.Release|Any CPU.ActiveCfg = Release|Any CPU
		{C061FF3D-1BC7-45EE-A7FB-D1D8359B785C}.Release|Any CPU.Build.0 = Release|Any CPU
		{60E1D10C-5D1E-4B8A-84A5-33FB086E2E37}.Debug|Any CPU.ActiveCfg = Debug|Any CPU
		{60E1D10C-5D1E-4B8A-84A5-33FB086E2E37}.Debug|Any CPU.Build.0 = Debug|Any CPU
		{60E1D10C-5D1E-4B8A-84A5-33FB086E2E37}.Release|Any CPU.ActiveCfg = Release|Any CPU
		{60E1D10C-5D1E-4B8A-84A5-33FB086E2E37}.Release|Any CPU.Build.0 = Release|Any CPU
	EndGlobalSection
	GlobalSection(SolutionProperties) = preSolution
		HideSolutionNode = FALSE
	EndGlobalSection
EndGlobal
